// !$*UTF8*$!
{
	archiveVersion = 1;
	classes = {
	};
	objectVersion = 50;
	objects = {

/* Begin PBXBuildFile section */
		180E2FCF255D3A1800261DB9 /* AppDelegate.swift in Sources */ = {isa = PBXBuildFile; fileRef = 180E2FCE255D3A1800261DB9 /* AppDelegate.swift */; };
		180E2FD1255D3A1800261DB9 /* SceneDelegate.swift in Sources */ = {isa = PBXBuildFile; fileRef = 180E2FD0255D3A1800261DB9 /* SceneDelegate.swift */; };
		180E2FD3255D3A1800261DB9 /* ViewController.swift in Sources */ = {isa = PBXBuildFile; fileRef = 180E2FD2255D3A1800261DB9 /* ViewController.swift */; };
		180E2FD6255D3A1800261DB9 /* Main.storyboard in Resources */ = {isa = PBXBuildFile; fileRef = 180E2FD4255D3A1800261DB9 /* Main.storyboard */; };
		180E2FD8255D3A1900261DB9 /* Assets.xcassets in Resources */ = {isa = PBXBuildFile; fileRef = 180E2FD7255D3A1900261DB9 /* Assets.xcassets */; };
		180E2FDB255D3A1900261DB9 /* LaunchScreen.storyboard in Resources */ = {isa = PBXBuildFile; fileRef = 180E2FD9255D3A1900261DB9 /* LaunchScreen.storyboard */; };
		180E2FE6255D3A1900261DB9 /* propinsi_batamTests.swift in Sources */ = {isa = PBXBuildFile; fileRef = 180E2FE5255D3A1900261DB9 /* propinsi_batamTests.swift */; };
		180E2FF1255D3A1A00261DB9 /* propinsi_batamUITests.swift in Sources */ = {isa = PBXBuildFile; fileRef = 180E2FF0255D3A1A00261DB9 /* propinsi_batamUITests.swift */; };
		180E3002255D3CCC00261DB9 /* PropinsiTableViewCell.swift in Sources */ = {isa = PBXBuildFile; fileRef = 180E3001255D3CCC00261DB9 /* PropinsiTableViewCell.swift */; };
/* End PBXBuildFile section */

/* Begin PBXContainerItemProxy section */
		180E2FE2255D3A1900261DB9 /* PBXContainerItemProxy */ = {
			isa = PBXContainerItemProxy;
			containerPortal = 180E2FC3255D3A1800261DB9 /* Project object */;
			proxyType = 1;
			remoteGlobalIDString = 180E2FCA255D3A1800261DB9;
			remoteInfo = "propinsi batam";
		};
		180E2FED255D3A1900261DB9 /* PBXContainerItemProxy */ = {
			isa = PBXContainerItemProxy;
			containerPortal = 180E2FC3255D3A1800261DB9 /* Project object */;
			proxyType = 1;
			remoteGlobalIDString = 180E2FCA255D3A1800261DB9;
			remoteInfo = "propinsi batam";
		};
/* End PBXContainerItemProxy section */

/* Begin PBXFileReference section */
		180E2FCB255D3A1800261DB9 /* propinsi batam.app */ = {isa = PBXFileReference; explicitFileType = wrapper.application; includeInIndex = 0; path = "propinsi batam.app"; sourceTree = BUILT_PRODUCTS_DIR; };
		180E2FCE255D3A1800261DB9 /* AppDelegate.swift */ = {isa = PBXFileReference; lastKnownFileType = sourcecode.swift; path = AppDelegate.swift; sourceTree = "<group>"; };
		180E2FD0255D3A1800261DB9 /* SceneDelegate.swift */ = {isa = PBXFileReference; lastKnownFileType = sourcecode.swift; path = SceneDelegate.swift; sourceTree = "<group>"; };
		180E2FD2255D3A1800261DB9 /* ViewController.swift */ = {isa = PBXFileReference; lastKnownFileType = sourcecode.swift; path = ViewController.swift; sourceTree = "<group>"; };
		180E2FD5255D3A1800261DB9 /* Base */ = {isa = PBXFileReference; lastKnownFileType = file.storyboard; name = Base; path = Base.lproj/Main.storyboard; sourceTree = "<group>"; };
		180E2FD7255D3A1900261DB9 /* Assets.xcassets */ = {isa = PBXFileReference; lastKnownFileType = folder.assetcatalog; path = Assets.xcassets; sourceTree = "<group>"; };
		180E2FDA255D3A1900261DB9 /* Base */ = {isa = PBXFileReference; lastKnownFileType = file.storyboard; name = Base; path = Base.lproj/LaunchScreen.storyboard; sourceTree = "<group>"; };
		180E2FDC255D3A1900261DB9 /* Info.plist */ = {isa = PBXFileReference; lastKnownFileType = text.plist.xml; path = Info.plist; sourceTree = "<group>"; };
		180E2FE1255D3A1900261DB9 /* propinsi batamTests.xctest */ = {isa = PBXFileReference; explicitFileType = wrapper.cfbundle; includeInIndex = 0; path = "propinsi batamTests.xctest"; sourceTree = BUILT_PRODUCTS_DIR; };
		180E2FE5255D3A1900261DB9 /* propinsi_batamTests.swift */ = {isa = PBXFileReference; lastKnownFileType = sourcecode.swift; path = propinsi_batamTests.swift; sourceTree = "<group>"; };
		180E2FE7255D3A1900261DB9 /* Info.plist */ = {isa = PBXFileReference; lastKnownFileType = text.plist.xml; path = Info.plist; sourceTree = "<group>"; };
		180E2FEC255D3A1900261DB9 /* propinsi batamUITests.xctest */ = {isa = PBXFileReference; explicitFileType = wrapper.cfbundle; includeInIndex = 0; path = "propinsi batamUITests.xctest"; sourceTree = BUILT_PRODUCTS_DIR; };
		180E2FF0255D3A1A00261DB9 /* propinsi_batamUITests.swift */ = {isa = PBXFileReference; lastKnownFileType = sourcecode.swift; path = propinsi_batamUITests.swift; sourceTree = "<group>"; };
		180E2FF2255D3A1A00261DB9 /* Info.plist */ = {isa = PBXFileReference; lastKnownFileType = text.plist.xml; path = Info.plist; sourceTree = "<group>"; };
		180E3001255D3CCC00261DB9 /* PropinsiTableViewCell.swift */ = {isa = PBXFileReference; lastKnownFileType = sourcecode.swift; path = PropinsiTableViewCell.swift; sourceTree = "<group>"; };
/* End PBXFileReference section */

/* Begin PBXFrameworksBuildPhase section */
		180E2FC8255D3A1800261DB9 /* Frameworks */ = {
			isa = PBXFrameworksBuildPhase;
			buildActionMask = 2147483647;
			files = (
			);
			runOnlyForDeploymentPostprocessing = 0;
		};
		180E2FDE255D3A1900261DB9 /* Frameworks */ = {
			isa = PBXFrameworksBuildPhase;
			buildActionMask = 2147483647;
			files = (
			);
			runOnlyForDeploymentPostprocessing = 0;
		};
		180E2FE9255D3A1900261DB9 /* Frameworks */ = {
			isa = PBXFrameworksBuildPhase;
			buildActionMask = 2147483647;
			files = (
			);
			runOnlyForDeploymentPostprocessing = 0;
		};
/* End PBXFrameworksBuildPhase section */

/* Begin PBXGroup section */
		180E2FC2255D3A1800261DB9 = {
			isa = PBXGroup;
			children = (
				180E2FCD255D3A1800261DB9 /* propinsi batam */,
				180E2FE4255D3A1900261DB9 /* propinsi batamTests */,
				180E2FEF255D3A1900261DB9 /* propinsi batamUITests */,
				180E2FCC255D3A1800261DB9 /* Products */,
			);
			sourceTree = "<group>";
		};
		180E2FCC255D3A1800261DB9 /* Products */ = {
			isa = PBXGroup;
			children = (
				180E2FCB255D3A1800261DB9 /* propinsi batam.app */,
				180E2FE1255D3A1900261DB9 /* propinsi batamTests.xctest */,
				180E2FEC255D3A1900261DB9 /* propinsi batamUITests.xctest */,
			);
			name = Products;
			sourceTree = "<group>";
		};
		180E2FCD255D3A1800261DB9 /* propinsi batam */ = {
			isa = PBXGroup;
			children = (
				180E2FCE255D3A1800261DB9 /* AppDelegate.swift */,
				180E2FD0255D3A1800261DB9 /* SceneDelegate.swift */,
				180E2FD2255D3A1800261DB9 /* ViewController.swift */,
				180E2FD4255D3A1800261DB9 /* Main.storyboard */,
				180E2FD7255D3A1900261DB9 /* Assets.xcassets */,
				180E2FD9255D3A1900261DB9 /* LaunchScreen.storyboard */,
				180E2FDC255D3A1900261DB9 /* Info.plist */,
				180E3001255D3CCC00261DB9 /* PropinsiTableViewCell.swift */,
			);
			path = "propinsi batam";
			sourceTree = "<group>";
		};
		180E2FE4255D3A1900261DB9 /* propinsi batamTests */ = {
			isa = PBXGroup;
			children = (
				180E2FE5255D3A1900261DB9 /* propinsi_batamTests.swift */,
				180E2FE7255D3A1900261DB9 /* Info.plist */,
			);
			path = "propinsi batamTests";
			sourceTree = "<group>";
		};
		180E2FEF255D3A1900261DB9 /* propinsi batamUITests */ = {
			isa = PBXGroup;
			children = (
				180E2FF0255D3A1A00261DB9 /* propinsi_batamUITests.swift */,
				180E2FF2255D3A1A00261DB9 /* Info.plist */,
			);
			path = "propinsi batamUITests";
			sourceTree = "<group>";
		};
/* End PBXGroup section */

/* Begin PBXNativeTarget section */
		180E2FCA255D3A1800261DB9 /* propinsi batam */ = {
			isa = PBXNativeTarget;
			buildConfigurationList = 180E2FF5255D3A1A00261DB9 /* Build configuration list for PBXNativeTarget "propinsi batam" */;
			buildPhases = (
				180E2FC7255D3A1800261DB9 /* Sources */,
				180E2FC8255D3A1800261DB9 /* Frameworks */,
				180E2FC9255D3A1800261DB9 /* Resources */,
			);
			buildRules = (
			);
			dependencies = (
			);
			name = "propinsi batam";
			productName = "propinsi batam";
			productReference = 180E2FCB255D3A1800261DB9 /* propinsi batam.app */;
			productType = "com.apple.product-type.application";
		};
		180E2FE0255D3A1900261DB9 /* propinsi batamTests */ = {
			isa = PBXNativeTarget;
			buildConfigurationList = 180E2FF8255D3A1A00261DB9 /* Build configuration list for PBXNativeTarget "propinsi batamTests" */;
			buildPhases = (
				180E2FDD255D3A1900261DB9 /* Sources */,
				180E2FDE255D3A1900261DB9 /* Frameworks */,
				180E2FDF255D3A1900261DB9 /* Resources */,
			);
			buildRules = (
			);
			dependencies = (
				180E2FE3255D3A1900261DB9 /* PBXTargetDependency */,
			);
			name = "propinsi batamTests";
			productName = "propinsi batamTests";
			productReference = 180E2FE1255D3A1900261DB9 /* propinsi batamTests.xctest */;
			productType = "com.apple.product-type.bundle.unit-test";
		};
		180E2FEB255D3A1900261DB9 /* propinsi batamUITests */ = {
			isa = PBXNativeTarget;
			buildConfigurationList = 180E2FFB255D3A1A00261DB9 /* Build configuration list for PBXNativeTarget "propinsi batamUITests" */;
			buildPhases = (
				180E2FE8255D3A1900261DB9 /* Sources */,
				180E2FE9255D3A1900261DB9 /* Frameworks */,
				180E2FEA255D3A1900261DB9 /* Resources */,
			);
			buildRules = (
			);
			dependencies = (
				180E2FEE255D3A1900261DB9 /* PBXTargetDependency */,
			);
			name = "propinsi batamUITests";
			productName = "propinsi batamUITests";
			productReference = 180E2FEC255D3A1900261DB9 /* propinsi batamUITests.xctest */;
			productType = "com.apple.product-type.bundle.ui-testing";
		};
/* End PBXNativeTarget section */

/* Begin PBXProject section */
		180E2FC3255D3A1800261DB9 /* Project object */ = {
			isa = PBXProject;
			attributes = {
				LastSwiftUpdateCheck = 1210;
				LastUpgradeCheck = 1210;
				TargetAttributes = {
					180E2FCA255D3A1800261DB9 = {
						CreatedOnToolsVersion = 12.1;
					};
					180E2FE0255D3A1900261DB9 = {
						CreatedOnToolsVersion = 12.1;
						TestTargetID = 180E2FCA255D3A1800261DB9;
					};
					180E2FEB255D3A1900261DB9 = {
						CreatedOnToolsVersion = 12.1;
						TestTargetID = 180E2FCA255D3A1800261DB9;
					};
				};
			};
			buildConfigurationList = 180E2FC6255D3A1800261DB9 /* Build configuration list for PBXProject "propinsi batam" */;
			compatibilityVersion = "Xcode 9.3";
			developmentRegion = en;
			hasScannedForEncodings = 0;
			knownRegions = (
				en,
				Base,
			);
			mainGroup = 180E2FC2255D3A1800261DB9;
			productRefGroup = 180E2FCC255D3A1800261DB9 /* Products */;
			projectDirPath = "";
			projectRoot = "";
			targets = (
				180E2FCA255D3A1800261DB9 /* propinsi batam */,
				180E2FE0255D3A1900261DB9 /* propinsi batamTests */,
				180E2FEB255D3A1900261DB9 /* propinsi batamUITests */,
			);
		};
/* End PBXProject section */

/* Begin PBXResourcesBuildPhase section */
		180E2FC9255D3A1800261DB9 /* Resources */ = {
			isa = PBXResourcesBuildPhase;
			buildActionMask = 2147483647;
			files = (
				180E2FDB255D3A1900261DB9 /* LaunchScreen.storyboard in Resources */,
				180E2FD8255D3A1900261DB9 /* Assets.xcassets in Resources */,
				180E2FD6255D3A1800261DB9 /* Main.storyboard in Resources */,
			);
			runOnlyForDeploymentPostprocessing = 0;
		};
		180E2FDF255D3A1900261DB9 /* Resources */ = {
			isa = PBXResourcesBuildPhase;
			buildActionMask = 2147483647;
			files = (
			);
			runOnlyForDeploymentPostprocessing = 0;
		};
		180E2FEA255D3A1900261DB9 /* Resources */ = {
			isa = PBXResourcesBuildPhase;
			buildActionMask = 2147483647;
			files = (
			);
			runOnlyForDeploymentPostprocessing = 0;
		};
/* End PBXResourcesBuildPhase section */

/* Begin PBXSourcesBuildPhase section */
		180E2FC7255D3A1800261DB9 /* Sources */ = {
			isa = PBXSourcesBuildPhase;
			buildActionMask = 2147483647;
			files = (
				180E2FD3255D3A1800261DB9 /* ViewController.swift in Sources */,
				180E3002255D3CCC00261DB9 /* PropinsiTableViewCell.swift in Sources */,
				180E2FCF255D3A1800261DB9 /* AppDelegate.swift in Sources */,
				180E2FD1255D3A1800261DB9 /* SceneDelegate.swift in Sources */,
			);
			runOnlyForDeploymentPostprocessing = 0;
		};
		180E2FDD255D3A1900261DB9 /* Sources */ = {
			isa = PBXSourcesBuildPhase;
			buildActionMask = 2147483647;
			files = (
				180E2FE6255D3A1900261DB9 /* propinsi_batamTests.swift in Sources */,
			);
			runOnlyForDeploymentPostprocessing = 0;
		};
		180E2FE8255D3A1900261DB9 /* Sources */ = {
			isa = PBXSourcesBuildPhase;
			buildActionMask = 2147483647;
			files = (
				180E2FF1255D3A1A00261DB9 /* propinsi_batamUITests.swift in Sources */,
			);
			runOnlyForDeploymentPostprocessing = 0;
		};
/* End PBXSourcesBuildPhase section */

/* Begin PBXTargetDependency section */
		180E2FE3255D3A1900261DB9 /* PBXTargetDependency */ = {
			isa = PBXTargetDependency;
			target = 180E2FCA255D3A1800261DB9 /* propinsi batam */;
			targetProxy = 180E2FE2255D3A1900261DB9 /* PBXContainerItemProxy */;
		};
		180E2FEE255D3A1900261DB9 /* PBXTargetDependency */ = {
			isa = PBXTargetDependency;
			target = 180E2FCA255D3A1800261DB9 /* propinsi batam */;
			targetProxy = 180E2FED255D3A1900261DB9 /* PBXContainerItemProxy */;
		};
/* End PBXTargetDependency section */

/* Begin PBXVariantGroup section */
		180E2FD4255D3A1800261DB9 /* Main.storyboard */ = {
			isa = PBXVariantGroup;
			children = (
				180E2FD5255D3A1800261DB9 /* Base */,
			);
			name = Main.storyboard;
			sourceTree = "<group>";
		};
		180E2FD9255D3A1900261DB9 /* LaunchScreen.storyboard */ = {
			isa = PBXVariantGroup;
			children = (
				180E2FDA255D3A1900261DB9 /* Base */,
			);
			name = LaunchScreen.storyboard;
			sourceTree = "<group>";
		};
/* End PBXVariantGroup section */

/* Begin XCBuildConfiguration section */
		180E2FF3255D3A1A00261DB9 /* Debug */ = {
			isa = XCBuildConfiguration;
			buildSettings = {
				ALWAYS_SEARCH_USER_PATHS = NO;
				CLANG_ANALYZER_NONNULL = YES;
				CLANG_ANALYZER_NUMBER_OBJECT_CONVERSION = YES_AGGRESSIVE;
				CLANG_CXX_LANGUAGE_STANDARD = "gnu++14";
				CLANG_CXX_LIBRARY = "libc++";
				CLANG_ENABLE_MODULES = YES;
				CLANG_ENABLE_OBJC_ARC = YES;
				CLANG_ENABLE_OBJC_WEAK = YES;
				CLANG_WARN_BLOCK_CAPTURE_AUTORELEASING = YES;
				CLANG_WARN_BOOL_CONVERSION = YES;
				CLANG_WARN_COMMA = YES;
				CLANG_WARN_CONSTANT_CONVERSION = YES;
				CLANG_WARN_DEPRECATED_OBJC_IMPLEMENTATIONS = YES;
				CLANG_WARN_DIRECT_OBJC_ISA_USAGE = YES_ERROR;
				CLANG_WARN_DOCUMENTATION_COMMENTS = YES;
				CLANG_WARN_EMPTY_BODY = YES;
				CLANG_WARN_ENUM_CONVERSION = YES;
				CLANG_WARN_INFINITE_RECURSION = YES;
				CLANG_WARN_INT_CONVERSION = YES;
				CLANG_WARN_NON_LITERAL_NULL_CONVERSION = YES;
				CLANG_WARN_OBJC_IMPLICIT_RETAIN_SELF = YES;
				CLANG_WARN_OBJC_LITERAL_CONVERSION = YES;
				CLANG_WARN_OBJC_ROOT_CLASS = YES_ERROR;
				CLANG_WARN_QUOTED_INCLUDE_IN_FRAMEWORK_HEADER = YES;
				CLANG_WARN_RANGE_LOOP_ANALYSIS = YES;
				CLANG_WARN_STRICT_PROTOTYPES = YES;
				CLANG_WARN_SUSPICIOUS_MOVE = YES;
				CLANG_WARN_UNGUARDED_AVAILABILITY = YES_AGGRESSIVE;
				CLANG_WARN_UNREACHABLE_CODE = YES;
				CLANG_WARN__DUPLICATE_METHOD_MATCH = YES;
				COPY_PHASE_STRIP = NO;
				DEBUG_INFORMATION_FORMAT = dwarf;
				ENABLE_STRICT_OBJC_MSGSEND = YES;
				ENABLE_TESTABILITY = YES;
				GCC_C_LANGUAGE_STANDARD = gnu11;
				GCC_DYNAMIC_NO_PIC = NO;
				GCC_NO_COMMON_BLOCKS = YES;
				GCC_OPTIMIZATION_LEVEL = 0;
				GCC_PREPROCESSOR_DEFINITIONS = (
					"DEBUG=1",
					"$(inherited)",
				);
				GCC_WARN_64_TO_32_BIT_CONVERSION = YES;
				GCC_WARN_ABOUT_RETURN_TYPE = YES_ERROR;
				GCC_WARN_UNDECLARED_SELECTOR = YES;
				GCC_WARN_UNINITIALIZED_AUTOS = YES_AGGRESSIVE;
				GCC_WARN_UNUSED_FUNCTION = YES;
				GCC_WARN_UNUSED_VARIABLE = YES;
				IPHONEOS_DEPLOYMENT_TARGET = 14.1;
				MTL_ENABLE_DEBUG_INFO = INCLUDE_SOURCE;
				MTL_FAST_MATH = YES;
				ONLY_ACTIVE_ARCH = YES;
				SDKROOT = iphoneos;
				SWIFT_ACTIVE_COMPILATION_CONDITIONS = DEBUG;
				SWIFT_OPTIMIZATION_LEVEL = "-Onone";
			};
			name = Debug;
		};
		180E2FF4255D3A1A00261DB9 /* Release */ = {
			isa = XCBuildConfiguration;
			buildSettings = {
				ALWAYS_SEARCH_USER_PATHS = NO;
				CLANG_ANALYZER_NONNULL = YES;
				CLANG_ANALYZER_NUMBER_OBJECT_CONVERSION = YES_AGGRESSIVE;
				CLANG_CXX_LANGUAGE_STANDARD = "gnu++14";
				CLANG_CXX_LIBRARY = "libc++";
				CLANG_ENABLE_MODULES = YES;
				CLANG_ENABLE_OBJC_ARC = YES;
				CLANG_ENABLE_OBJC_WEAK = YES;
				CLANG_WARN_BLOCK_CAPTURE_AUTORELEASING = YES;
				CLANG_WARN_BOOL_CONVERSION = YES;
				CLANG_WARN_COMMA = YES;
				CLANG_WARN_CONSTANT_CONVERSION = YES;
				CLANG_WARN_DEPRECATED_OBJC_IMPLEMENTATIONS = YES;
				CLANG_WARN_DIRECT_OBJC_ISA_USAGE = YES_ERROR;
				CLANG_WARN_DOCUMENTATION_COMMENTS = YES;
				CLANG_WARN_EMPTY_BODY = YES;
				CLANG_WARN_ENUM_CONVERSION = YES;
				CLANG_WARN_INFINITE_RECURSION = YES;
				CLANG_WARN_INT_CONVERSION = YES;
				CLANG_WARN_NON_LITERAL_NULL_CONVERSION = YES;
				CLANG_WARN_OBJC_IMPLICIT_RETAIN_SELF = YES;
				CLANG_WARN_OBJC_LITERAL_CONVERSION = YES;
				CLANG_WARN_OBJC_ROOT_CLASS = YES_ERROR;
				CLANG_WARN_QUOTED_INCLUDE_IN_FRAMEWORK_HEADER = YES;
				CLANG_WARN_RANGE_LOOP_ANALYSIS = YES;
				CLANG_WARN_STRICT_PROTOTYPES = YES;
				CLANG_WARN_SUSPICIOUS_MOVE = YES;
				CLANG_WARN_UNGUARDED_AVAILABILITY = YES_AGGRESSIVE;
				CLANG_WARN_UNREACHABLE_CODE = YES;
				CLANG_WARN__DUPLICATE_METHOD_MATCH = YES;
				COPY_PHASE_STRIP = NO;
				DEBUG_INFORMATION_FORMAT = "dwarf-with-dsym";
				ENABLE_NS_ASSERTIONS = NO;
				ENABLE_STRICT_OBJC_MSGSEND = YES;
				GCC_C_LANGUAGE_STANDARD = gnu11;
				GCC_NO_COMMON_BLOCKS = YES;
				GCC_WARN_64_TO_32_BIT_CONVERSION = YES;
				GCC_WARN_ABOUT_RETURN_TYPE = YES_ERROR;
				GCC_WARN_UNDECLARED_SELECTOR = YES;
				GCC_WARN_UNINITIALIZED_AUTOS = YES_AGGRESSIVE;
				GCC_WARN_UNUSED_FUNCTION = YES;
				GCC_WARN_UNUSED_VARIABLE = YES;
				IPHONEOS_DEPLOYMENT_TARGET = 14.1;
				MTL_ENABLE_DEBUG_INFO = NO;
				MTL_FAST_MATH = YES;
				SDKROOT = iphoneos;
				SWIFT_COMPILATION_MODE = wholemodule;
				SWIFT_OPTIMIZATION_LEVEL = "-O";
				VALIDATE_PRODUCT = YES;
			};
			name = Release;
		};
		180E2FF6255D3A1A00261DB9 /* Debug */ = {
			isa = XCBuildConfiguration;
			buildSettings = {
				ASSETCATALOG_COMPILER_APPICON_NAME = AppIcon;
				ASSETCATALOG_COMPILER_GLOBAL_ACCENT_COLOR_NAME = AccentColor;
				CODE_SIGN_STYLE = Automatic;
				INFOPLIST_FILE = "propinsi batam/Info.plist";
				LD_RUNPATH_SEARCH_PATHS = (
					"$(inherited)",
					"@executable_path/Frameworks",
				);
				PRODUCT_BUNDLE_IDENTIFIER = "akbar.propinsi-batam";
				PRODUCT_NAME = "$(TARGET_NAME)";
				SWIFT_VERSION = 5.0;
				TARGETED_DEVICE_FAMILY = "1,2";
			};
			name = Debug;
		};
		180E2FF7255D3A1A00261DB9 /* Release */ = {
			isa = XCBuildConfiguration;
			buildSettings = {
				ASSETCATALOG_COMPILER_APPICON_NAME = AppIcon;
				ASSETCATALOG_COMPILER_GLOBAL_ACCENT_COLOR_NAME = AccentColor;
				CODE_SIGN_STYLE = Automatic;
				INFOPLIST_FILE = "propinsi batam/Info.plist";
				LD_RUNPATH_SEARCH_PATHS = (
					"$(inherited)",
					"@executable_path/Frameworks",
				);
				PRODUCT_BUNDLE_IDENTIFIER = "akbar.propinsi-batam";
				PRODUCT_NAME = "$(TARGET_NAME)";
				SWIFT_VERSION = 5.0;
				TARGETED_DEVICE_FAMILY = "1,2";
			};
			name = Release;
		};
		180E2FF9255D3A1A00261DB9 /* Debug */ = {
			isa = XCBuildConfiguration;
			buildSettings = {
				ALWAYS_EMBED_SWIFT_STANDARD_LIBRARIES = YES;
				BUNDLE_LOADER = "$(TEST_HOST)";
				CODE_SIGN_STYLE = Automatic;
				INFOPLIST_FILE = "propinsi batamTests/Info.plist";
				IPHONEOS_DEPLOYMENT_TARGET = 14.1;
				LD_RUNPATH_SEARCH_PATHS = (
					"$(inherited)",
					"@executable_path/Frameworks",
					"@loader_path/Frameworks",
				);
				PRODUCT_BUNDLE_IDENTIFIER = "akbar.propinsi-batamTests";
				PRODUCT_NAME = "$(TARGET_NAME)";
				SWIFT_VERSION = 5.0;
				TARGETED_DEVICE_FAMILY = "1,2";
				TEST_HOST = "$(BUILT_PRODUCTS_DIR)/propinsi batam.app/propinsi batam";
			};
			name = Debug;
		};
		180E2FFA255D3A1A00261DB9 /* Release */ = {
			isa = XCBuildConfiguration;
			buildSettings = {
				ALWAYS_EMBED_SWIFT_STANDARD_LIBRARIES = YES;
				BUNDLE_LOADER = "$(TEST_HOST)";
				CODE_SIGN_STYLE = Automatic;
				INFOPLIST_FILE = "propinsi batamTests/Info.plist";
				IPHONEOS_DEPLOYMENT_TARGET = 14.1;
				LD_RUNPATH_SEARCH_PATHS = (
					"$(inherited)",
					"@executable_path/Frameworks",
					"@loader_path/Frameworks",
				);
				PRODUCT_BUNDLE_IDENTIFIER = "akbar.propinsi-batamTests";
				PRODUCT_NAME = "$(TARGET_NAME)";
				SWIFT_VERSION = 5.0;
				TARGETED_DEVICE_FAMILY = "1,2";
				TEST_HOST = "$(BUILT_PRODUCTS_DIR)/propinsi batam.app/propinsi batam";
			};
			name = Release;
		};
		180E2FFC255D3A1A00261DB9 /* Debug */ = {
			isa = XCBuildConfiguration;
			buildSettings = {
				ALWAYS_EMBED_SWIFT_STANDARD_LIBRARIES = YES;
				CODE_SIGN_STYLE = Automatic;
				INFOPLIST_FILE = "propinsi batamUITests/Info.plist";
				LD_RUNPATH_SEARCH_PATHS = (
					"$(inherited)",
					"@executable_path/Frameworks",
					"@loader_path/Frameworks",
				);
				PRODUCT_BUNDLE_IDENTIFIER = "akbar.propinsi-batamUITests";
				PRODUCT_NAME = "$(TARGET_NAME)";
				SWIFT_VERSION = 5.0;
				TARGETED_DEVICE_FAMILY = "1,2";
				TEST_TARGET_NAME = "propinsi batam";
			};
			name = Debug;
		};
		180E2FFD255D3A1A00261DB9 /* Release */ = {
			isa = XCBuildConfiguration;
			buildSettings = {
				ALWAYS_EMBED_SWIFT_STANDARD_LIBRARIES = YES;
				CODE_SIGN_STYLE = Automatic;
				INFOPLIST_FILE = "propinsi batamUITests/Info.plist";
				LD_RUNPATH_SEARCH_PATHS = (
					"$(inherited)",
					"@executable_path/Frameworks",
					"@loader_path/Frameworks",
				);
				PRODUCT_BUNDLE_IDENTIFIER = "akbar.propinsi-batamUITests";
				PRODUCT_NAME = "$(TARGET_NAME)";
				SWIFT_VERSION = 5.0;
				TARGETED_DEVICE_FAMILY = "1,2";
				TEST_TARGET_NAME = "propinsi batam";
			};
			name = Release;
		};
/* End XCBuildConfiguration section */

/* Begin XCConfigurationList section */
		180E2FC6255D3A1800261DB9 /* Build configuration list for PBXProject "propinsi batam" */ = {
			isa = XCConfigurationList;
			buildConfigurations = (
				180E2FF3255D3A1A00261DB9 /* Debug */,
				180E2FF4255D3A1A00261DB9 /* Release */,
			);
			defaultConfigurationIsVisible = 0;
			defaultConfigurationName = Release;
		};
		180E2FF5255D3A1A00261DB9 /* Build configuration list for PBXNativeTarget "propinsi batam" */ = {
			isa = XCConfigurationList;
			buildConfigurations = (
				180E2FF6255D3A1A00261DB9 /* Debug */,
				180E2FF7255D3A1A00261DB9 /* Release */,
			);
			defaultConfigurationIsVisible = 0;
			defaultConfigurationName = Release;
		};
		180E2FF8255D3A1A00261DB9 /* Build configuration list for PBXNativeTarget "propinsi batamTests" */ = {
			isa = XCConfigurationList;
			buildConfigurations = (
				180E2FF9255D3A1A00261DB9 /* Debug */,
				180E2FFA255D3A1A00261DB9 /* Release */,
			);
			defaultConfigurationIsVisible = 0;
			defaultConfigurationName = Release;
		};
		180E2FFB255D3A1A00261DB9 /* Build configuration list for PBXNativeTarget "propinsi batamUITests" */ = {
			isa = XCConfigurationList;
			buildConfigurations = (
				180E2FFC255D3A1A00261DB9 /* Debug */,
				180E2FFD255D3A1A00261DB9 /* Release */,
			);
			defaultConfigurationIsVisible = 0;
			defaultConfigurationName = Release;
		};
/* End XCConfigurationList section */
	};
	rootObject = 180E2FC3255D3A1800261DB9 /* Project object */;
}
